// !$*UTF8*$!
{
	archiveVersion = 1;
	classes = {
	};
	objectVersion = 48;
	objects = {

/* Begin PBXBuildFile section */
		55D4D5E11168AC5491AE32FC /* Pods_CalTransitTests.framework in Frameworks */ = {isa = PBXBuildFile; fileRef = 59D8D71DB78B930E30C5D88E /* Pods_CalTransitTests.framework */; };
		6C7BBD24EFF18D7C689B948F /* Pods_CalTransit.framework in Frameworks */ = {isa = PBXBuildFile; fileRef = CB45BF1B3E6609B820F5B5B6 /* Pods_CalTransit.framework */; };
		6CC1DCAE1F8C7D0D003C21E2 /* TrainTableViewCell.swift in Sources */ = {isa = PBXBuildFile; fileRef = 6CC1DCAD1F8C7D0D003C21E2 /* TrainTableViewCell.swift */; };
		6CC2C5511F8C6B9F0067CFB3 /* AppDelegate.swift in Sources */ = {isa = PBXBuildFile; fileRef = 6CC2C5501F8C6B9F0067CFB3 /* AppDelegate.swift */; };
		6CC2C5531F8C6B9F0067CFB3 /* BARTViewController.swift in Sources */ = {isa = PBXBuildFile; fileRef = 6CC2C5521F8C6B9F0067CFB3 /* BARTViewController.swift */; };
		6CC2C5551F8C6B9F0067CFB3 /* ACTransitViewController.swift in Sources */ = {isa = PBXBuildFile; fileRef = 6CC2C5541F8C6B9F0067CFB3 /* ACTransitViewController.swift */; };
		6CC2C5581F8C6B9F0067CFB3 /* Main.storyboard in Resources */ = {isa = PBXBuildFile; fileRef = 6CC2C5561F8C6B9F0067CFB3 /* Main.storyboard */; };
		6CC2C55A1F8C6B9F0067CFB3 /* Assets.xcassets in Resources */ = {isa = PBXBuildFile; fileRef = 6CC2C5591F8C6B9F0067CFB3 /* Assets.xcassets */; };
		6CC2C55D1F8C6B9F0067CFB3 /* LaunchScreen.storyboard in Resources */ = {isa = PBXBuildFile; fileRef = 6CC2C55B1F8C6B9F0067CFB3 /* LaunchScreen.storyboard */; };
		6CC2C5681F8C6BA00067CFB3 /* CalTransitTests.swift in Sources */ = {isa = PBXBuildFile; fileRef = 6CC2C5671F8C6BA00067CFB3 /* CalTransitTests.swift */; };
		6CC2C5731F8C6BA00067CFB3 /* CalTransitUITests.swift in Sources */ = {isa = PBXBuildFile; fileRef = 6CC2C5721F8C6BA00067CFB3 /* CalTransitUITests.swift */; };
		6CDA4AE31F8D80F1000EBDEC /* OtherStationsViewController.swift in Sources */ = {isa = PBXBuildFile; fileRef = 6CDA4AE21F8D80F1000EBDEC /* OtherStationsViewController.swift */; };
		6CDA4AE51F8D8143000EBDEC /* Constants.swift in Sources */ = {isa = PBXBuildFile; fileRef = 6CDA4AE41F8D8143000EBDEC /* Constants.swift */; };
		E218E38F85B8963AEFEDE27F /* Pods_CalTransitUITests.framework in Frameworks */ = {isa = PBXBuildFile; fileRef = DC1C969205E32E98493C951B /* Pods_CalTransitUITests.framework */; };
/* End PBXBuildFile section */

/* Begin PBXContainerItemProxy section */
		6CC2C5641F8C6BA00067CFB3 /* PBXContainerItemProxy */ = {
			isa = PBXContainerItemProxy;
			containerPortal = 6CC2C5451F8C6B9F0067CFB3 /* Project object */;
			proxyType = 1;
			remoteGlobalIDString = 6CC2C54C1F8C6B9F0067CFB3;
			remoteInfo = CalTransit;
		};
		6CC2C56F1F8C6BA00067CFB3 /* PBXContainerItemProxy */ = {
			isa = PBXContainerItemProxy;
			containerPortal = 6CC2C5451F8C6B9F0067CFB3 /* Project object */;
			proxyType = 1;
			remoteGlobalIDString = 6CC2C54C1F8C6B9F0067CFB3;
			remoteInfo = CalTransit;
		};
/* End PBXContainerItemProxy section */

/* Begin PBXFileReference section */
		11D8B88B01CB131B20B78AAC /* Pods-CalTransitTests.release.xcconfig */ = {isa = PBXFileReference; includeInIndex = 1; lastKnownFileType = text.xcconfig; name = "Pods-CalTransitTests.release.xcconfig"; path = "Pods/Target Support Files/Pods-CalTransitTests/Pods-CalTransitTests.release.xcconfig"; sourceTree = "<group>"; };
		1E8089391A30C4416AC80A63 /* Pods-CalTransitUITests.debug.xcconfig */ = {isa = PBXFileReference; includeInIndex = 1; lastKnownFileType = text.xcconfig; name = "Pods-CalTransitUITests.debug.xcconfig"; path = "Pods/Target Support Files/Pods-CalTransitUITests/Pods-CalTransitUITests.debug.xcconfig"; sourceTree = "<group>"; };
		4FB6CDA59E95A22EEE453481 /* Pods-CalTransitUITests.release.xcconfig */ = {isa = PBXFileReference; includeInIndex = 1; lastKnownFileType = text.xcconfig; name = "Pods-CalTransitUITests.release.xcconfig"; path = "Pods/Target Support Files/Pods-CalTransitUITests/Pods-CalTransitUITests.release.xcconfig"; sourceTree = "<group>"; };
		59D8D71DB78B930E30C5D88E /* Pods_CalTransitTests.framework */ = {isa = PBXFileReference; explicitFileType = wrapper.framework; includeInIndex = 0; path = Pods_CalTransitTests.framework; sourceTree = BUILT_PRODUCTS_DIR; };
		59D99616B51F748302507E35 /* Pods-CalTransit.debug.xcconfig */ = {isa = PBXFileReference; includeInIndex = 1; lastKnownFileType = text.xcconfig; name = "Pods-CalTransit.debug.xcconfig"; path = "Pods/Target Support Files/Pods-CalTransit/Pods-CalTransit.debug.xcconfig"; sourceTree = "<group>"; };
		6CC1DCAD1F8C7D0D003C21E2 /* TrainTableViewCell.swift */ = {isa = PBXFileReference; lastKnownFileType = sourcecode.swift; path = TrainTableViewCell.swift; sourceTree = "<group>"; };
		6CC2C54D1F8C6B9F0067CFB3 /* CalTransit.app */ = {isa = PBXFileReference; explicitFileType = wrapper.application; includeInIndex = 0; path = CalTransit.app; sourceTree = BUILT_PRODUCTS_DIR; };
		6CC2C5501F8C6B9F0067CFB3 /* AppDelegate.swift */ = {isa = PBXFileReference; lastKnownFileType = sourcecode.swift; path = AppDelegate.swift; sourceTree = "<group>"; };
		6CC2C5521F8C6B9F0067CFB3 /* BARTViewController.swift */ = {isa = PBXFileReference; lastKnownFileType = sourcecode.swift; path = BARTViewController.swift; sourceTree = "<group>"; };
		6CC2C5541F8C6B9F0067CFB3 /* ACTransitViewController.swift */ = {isa = PBXFileReference; lastKnownFileType = sourcecode.swift; path = ACTransitViewController.swift; sourceTree = "<group>"; };
		6CC2C5571F8C6B9F0067CFB3 /* Base */ = {isa = PBXFileReference; lastKnownFileType = file.storyboard; name = Base; path = Base.lproj/Main.storyboard; sourceTree = "<group>"; };
		6CC2C5591F8C6B9F0067CFB3 /* Assets.xcassets */ = {isa = PBXFileReference; lastKnownFileType = folder.assetcatalog; path = Assets.xcassets; sourceTree = "<group>"; };
		6CC2C55C1F8C6B9F0067CFB3 /* Base */ = {isa = PBXFileReference; lastKnownFileType = file.storyboard; name = Base; path = Base.lproj/LaunchScreen.storyboard; sourceTree = "<group>"; };
		6CC2C55E1F8C6B9F0067CFB3 /* Info.plist */ = {isa = PBXFileReference; lastKnownFileType = text.plist.xml; path = Info.plist; sourceTree = "<group>"; };
		6CC2C5631F8C6BA00067CFB3 /* CalTransitTests.xctest */ = {isa = PBXFileReference; explicitFileType = wrapper.cfbundle; includeInIndex = 0; path = CalTransitTests.xctest; sourceTree = BUILT_PRODUCTS_DIR; };
		6CC2C5671F8C6BA00067CFB3 /* CalTransitTests.swift */ = {isa = PBXFileReference; lastKnownFileType = sourcecode.swift; path = CalTransitTests.swift; sourceTree = "<group>"; };
		6CC2C5691F8C6BA00067CFB3 /* Info.plist */ = {isa = PBXFileReference; lastKnownFileType = text.plist.xml; path = Info.plist; sourceTree = "<group>"; };
		6CC2C56E1F8C6BA00067CFB3 /* CalTransitUITests.xctest */ = {isa = PBXFileReference; explicitFileType = wrapper.cfbundle; includeInIndex = 0; path = CalTransitUITests.xctest; sourceTree = BUILT_PRODUCTS_DIR; };
		6CC2C5721F8C6BA00067CFB3 /* CalTransitUITests.swift */ = {isa = PBXFileReference; lastKnownFileType = sourcecode.swift; path = CalTransitUITests.swift; sourceTree = "<group>"; };
		6CC2C5741F8C6BA00067CFB3 /* Info.plist */ = {isa = PBXFileReference; lastKnownFileType = text.plist.xml; path = Info.plist; sourceTree = "<group>"; };
		6CDA4AE21F8D80F1000EBDEC /* OtherStationsViewController.swift */ = {isa = PBXFileReference; lastKnownFileType = sourcecode.swift; path = OtherStationsViewController.swift; sourceTree = "<group>"; };
		6CDA4AE41F8D8143000EBDEC /* Constants.swift */ = {isa = PBXFileReference; lastKnownFileType = sourcecode.swift; path = Constants.swift; sourceTree = "<group>"; };
		A5DE1D7931E51598A3D3D818 /* Pods-CalTransitTests.debug.xcconfig */ = {isa = PBXFileReference; includeInIndex = 1; lastKnownFileType = text.xcconfig; name = "Pods-CalTransitTests.debug.xcconfig"; path = "Pods/Target Support Files/Pods-CalTransitTests/Pods-CalTransitTests.debug.xcconfig"; sourceTree = "<group>"; };
		CB45BF1B3E6609B820F5B5B6 /* Pods_CalTransit.framework */ = {isa = PBXFileReference; explicitFileType = wrapper.framework; includeInIndex = 0; path = Pods_CalTransit.framework; sourceTree = BUILT_PRODUCTS_DIR; };
		DC1C969205E32E98493C951B /* Pods_CalTransitUITests.framework */ = {isa = PBXFileReference; explicitFileType = wrapper.framework; includeInIndex = 0; path = Pods_CalTransitUITests.framework; sourceTree = BUILT_PRODUCTS_DIR; };
		EA35A02E79DA52697F108A24 /* Pods-CalTransit.release.xcconfig */ = {isa = PBXFileReference; includeInIndex = 1; lastKnownFileType = text.xcconfig; name = "Pods-CalTransit.release.xcconfig"; path = "Pods/Target Support Files/Pods-CalTransit/Pods-CalTransit.release.xcconfig"; sourceTree = "<group>"; };
/* End PBXFileReference section */

/* Begin PBXFrameworksBuildPhase section */
		6CC2C54A1F8C6B9F0067CFB3 /* Frameworks */ = {
			isa = PBXFrameworksBuildPhase;
			buildActionMask = 2147483647;
			files = (
				6C7BBD24EFF18D7C689B948F /* Pods_CalTransit.framework in Frameworks */,
			);
			runOnlyForDeploymentPostprocessing = 0;
		};
		6CC2C5601F8C6BA00067CFB3 /* Frameworks */ = {
			isa = PBXFrameworksBuildPhase;
			buildActionMask = 2147483647;
			files = (
				55D4D5E11168AC5491AE32FC /* Pods_CalTransitTests.framework in Frameworks */,
			);
			runOnlyForDeploymentPostprocessing = 0;
		};
		6CC2C56B1F8C6BA00067CFB3 /* Frameworks */ = {
			isa = PBXFrameworksBuildPhase;
			buildActionMask = 2147483647;
			files = (
				E218E38F85B8963AEFEDE27F /* Pods_CalTransitUITests.framework in Frameworks */,
			);
			runOnlyForDeploymentPostprocessing = 0;
		};
/* End PBXFrameworksBuildPhase section */

/* Begin PBXGroup section */
		6CC1DCAF1F8C7D14003C21E2 /* BART */ = {
			isa = PBXGroup;
			children = (
				6CC2C5521F8C6B9F0067CFB3 /* BARTViewController.swift */,
				6CC1DCAD1F8C7D0D003C21E2 /* TrainTableViewCell.swift */,
				6CDA4AE21F8D80F1000EBDEC /* OtherStationsViewController.swift */,
			);
			path = BART;
			sourceTree = "<group>";
		};
		6CC2C5441F8C6B9F0067CFB3 = {
			isa = PBXGroup;
			children = (
				6CC2C54F1F8C6B9F0067CFB3 /* CalTransit */,
				6CC2C5661F8C6BA00067CFB3 /* CalTransitTests */,
				6CC2C5711F8C6BA00067CFB3 /* CalTransitUITests */,
				6CC2C54E1F8C6B9F0067CFB3 /* Products */,
				FD6A18061C82ABB164B4D654 /* Pods */,
				B68FB1A48209FFF224CBA7A4 /* Frameworks */,
			);
			sourceTree = "<group>";
		};
		6CC2C54E1F8C6B9F0067CFB3 /* Products */ = {
			isa = PBXGroup;
			children = (
				6CC2C54D1F8C6B9F0067CFB3 /* CalTransit.app */,
				6CC2C5631F8C6BA00067CFB3 /* CalTransitTests.xctest */,
				6CC2C56E1F8C6BA00067CFB3 /* CalTransitUITests.xctest */,
			);
			name = Products;
			sourceTree = "<group>";
		};
		6CC2C54F1F8C6B9F0067CFB3 /* CalTransit */ = {
			isa = PBXGroup;
			children = (
				6CC2C5501F8C6B9F0067CFB3 /* AppDelegate.swift */,
				6CDA4AE41F8D8143000EBDEC /* Constants.swift */,
				6CC1DCAF1F8C7D14003C21E2 /* BART */,
				6CC2C5541F8C6B9F0067CFB3 /* ACTransitViewController.swift */,
				6CC2C5561F8C6B9F0067CFB3 /* Main.storyboard */,
				6CC2C5591F8C6B9F0067CFB3 /* Assets.xcassets */,
				6CC2C55B1F8C6B9F0067CFB3 /* LaunchScreen.storyboard */,
				6CC2C55E1F8C6B9F0067CFB3 /* Info.plist */,
			);
			path = CalTransit;
			sourceTree = "<group>";
		};
		6CC2C5661F8C6BA00067CFB3 /* CalTransitTests */ = {
			isa = PBXGroup;
			children = (
				6CC2C5671F8C6BA00067CFB3 /* CalTransitTests.swift */,
				6CC2C5691F8C6BA00067CFB3 /* Info.plist */,
			);
			path = CalTransitTests;
			sourceTree = "<group>";
		};
		6CC2C5711F8C6BA00067CFB3 /* CalTransitUITests */ = {
			isa = PBXGroup;
			children = (
				6CC2C5721F8C6BA00067CFB3 /* CalTransitUITests.swift */,
				6CC2C5741F8C6BA00067CFB3 /* Info.plist */,
			);
			path = CalTransitUITests;
			sourceTree = "<group>";
		};
		B68FB1A48209FFF224CBA7A4 /* Frameworks */ = {
			isa = PBXGroup;
			children = (
				CB45BF1B3E6609B820F5B5B6 /* Pods_CalTransit.framework */,
				59D8D71DB78B930E30C5D88E /* Pods_CalTransitTests.framework */,
				DC1C969205E32E98493C951B /* Pods_CalTransitUITests.framework */,
			);
			name = Frameworks;
			sourceTree = "<group>";
		};
		FD6A18061C82ABB164B4D654 /* Pods */ = {
			isa = PBXGroup;
			children = (
				59D99616B51F748302507E35 /* Pods-CalTransit.debug.xcconfig */,
				EA35A02E79DA52697F108A24 /* Pods-CalTransit.release.xcconfig */,
				A5DE1D7931E51598A3D3D818 /* Pods-CalTransitTests.debug.xcconfig */,
				11D8B88B01CB131B20B78AAC /* Pods-CalTransitTests.release.xcconfig */,
				1E8089391A30C4416AC80A63 /* Pods-CalTransitUITests.debug.xcconfig */,
				4FB6CDA59E95A22EEE453481 /* Pods-CalTransitUITests.release.xcconfig */,
			);
			name = Pods;
			sourceTree = "<group>";
		};
/* End PBXGroup section */

/* Begin PBXNativeTarget section */
		6CC2C54C1F8C6B9F0067CFB3 /* CalTransit */ = {
			isa = PBXNativeTarget;
			buildConfigurationList = 6CC2C5771F8C6BA00067CFB3 /* Build configuration list for PBXNativeTarget "CalTransit" */;
			buildPhases = (
				CC2CBB74B95BD7542E75332F /* [CP] Check Pods Manifest.lock */,
				6CC2C5491F8C6B9F0067CFB3 /* Sources */,
				6CC2C54A1F8C6B9F0067CFB3 /* Frameworks */,
				6CC2C54B1F8C6B9F0067CFB3 /* Resources */,
				9A22EB8E0F3A515ADB100541 /* [CP] Embed Pods Frameworks */,
				53C31F273FB09A166A04E0FD /* [CP] Copy Pods Resources */,
			);
			buildRules = (
			);
			dependencies = (
			);
			name = CalTransit;
			productName = CalTransit;
			productReference = 6CC2C54D1F8C6B9F0067CFB3 /* CalTransit.app */;
			productType = "com.apple.product-type.application";
		};
		6CC2C5621F8C6BA00067CFB3 /* CalTransitTests */ = {
			isa = PBXNativeTarget;
			buildConfigurationList = 6CC2C57A1F8C6BA00067CFB3 /* Build configuration list for PBXNativeTarget "CalTransitTests" */;
			buildPhases = (
				D7CB3599FB8A046E2B03BDC4 /* [CP] Check Pods Manifest.lock */,
				6CC2C55F1F8C6BA00067CFB3 /* Sources */,
				6CC2C5601F8C6BA00067CFB3 /* Frameworks */,
				6CC2C5611F8C6BA00067CFB3 /* Resources */,
				38DB1B96BCA9CD31DFF7E0E5 /* [CP] Embed Pods Frameworks */,
				C625EB7D73C5CE68F8B62024 /* [CP] Copy Pods Resources */,
			);
			buildRules = (
			);
			dependencies = (
				6CC2C5651F8C6BA00067CFB3 /* PBXTargetDependency */,
			);
			name = CalTransitTests;
			productName = CalTransitTests;
			productReference = 6CC2C5631F8C6BA00067CFB3 /* CalTransitTests.xctest */;
			productType = "com.apple.product-type.bundle.unit-test";
		};
		6CC2C56D1F8C6BA00067CFB3 /* CalTransitUITests */ = {
			isa = PBXNativeTarget;
			buildConfigurationList = 6CC2C57D1F8C6BA00067CFB3 /* Build configuration list for PBXNativeTarget "CalTransitUITests" */;
			buildPhases = (
				F06233627DF0C57C5963C1A2 /* [CP] Check Pods Manifest.lock */,
				6CC2C56A1F8C6BA00067CFB3 /* Sources */,
				6CC2C56B1F8C6BA00067CFB3 /* Frameworks */,
				6CC2C56C1F8C6BA00067CFB3 /* Resources */,
				999028D38EB5CF102E0A35E5 /* [CP] Embed Pods Frameworks */,
				15596547B217516068234EA7 /* [CP] Copy Pods Resources */,
			);
			buildRules = (
			);
			dependencies = (
				6CC2C5701F8C6BA00067CFB3 /* PBXTargetDependency */,
			);
			name = CalTransitUITests;
			productName = CalTransitUITests;
			productReference = 6CC2C56E1F8C6BA00067CFB3 /* CalTransitUITests.xctest */;
			productType = "com.apple.product-type.bundle.ui-testing";
		};
/* End PBXNativeTarget section */

/* Begin PBXProject section */
		6CC2C5451F8C6B9F0067CFB3 /* Project object */ = {
			isa = PBXProject;
			attributes = {
				LastSwiftUpdateCheck = 0900;
				LastUpgradeCheck = 0900;
				ORGANIZATIONNAME = "Will Oakley";
				TargetAttributes = {
					6CC2C54C1F8C6B9F0067CFB3 = {
						CreatedOnToolsVersion = 9.0;
						ProvisioningStyle = Automatic;
					};
					6CC2C5621F8C6BA00067CFB3 = {
						CreatedOnToolsVersion = 9.0;
						ProvisioningStyle = Automatic;
						TestTargetID = 6CC2C54C1F8C6B9F0067CFB3;
					};
					6CC2C56D1F8C6BA00067CFB3 = {
						CreatedOnToolsVersion = 9.0;
						ProvisioningStyle = Automatic;
						TestTargetID = 6CC2C54C1F8C6B9F0067CFB3;
					};
				};
			};
			buildConfigurationList = 6CC2C5481F8C6B9F0067CFB3 /* Build configuration list for PBXProject "CalTransit" */;
			compatibilityVersion = "Xcode 8.0";
			developmentRegion = en;
			hasScannedForEncodings = 0;
			knownRegions = (
				en,
				Base,
			);
			mainGroup = 6CC2C5441F8C6B9F0067CFB3;
			productRefGroup = 6CC2C54E1F8C6B9F0067CFB3 /* Products */;
			projectDirPath = "";
			projectRoot = "";
			targets = (
				6CC2C54C1F8C6B9F0067CFB3 /* CalTransit */,
				6CC2C5621F8C6BA00067CFB3 /* CalTransitTests */,
				6CC2C56D1F8C6BA00067CFB3 /* CalTransitUITests */,
			);
		};
/* End PBXProject section */

/* Begin PBXResourcesBuildPhase section */
		6CC2C54B1F8C6B9F0067CFB3 /* Resources */ = {
			isa = PBXResourcesBuildPhase;
			buildActionMask = 2147483647;
			files = (
				6CC2C55D1F8C6B9F0067CFB3 /* LaunchScreen.storyboard in Resources */,
				6CC2C55A1F8C6B9F0067CFB3 /* Assets.xcassets in Resources */,
				6CC2C5581F8C6B9F0067CFB3 /* Main.storyboard in Resources */,
			);
			runOnlyForDeploymentPostprocessing = 0;
		};
		6CC2C5611F8C6BA00067CFB3 /* Resources */ = {
			isa = PBXResourcesBuildPhase;
			buildActionMask = 2147483647;
			files = (
			);
			runOnlyForDeploymentPostprocessing = 0;
		};
		6CC2C56C1F8C6BA00067CFB3 /* Resources */ = {
			isa = PBXResourcesBuildPhase;
			buildActionMask = 2147483647;
			files = (
			);
			runOnlyForDeploymentPostprocessing = 0;
		};
/* End PBXResourcesBuildPhase section */

/* Begin PBXShellScriptBuildPhase section */
		15596547B217516068234EA7 /* [CP] Copy Pods Resources */ = {
			isa = PBXShellScriptBuildPhase;
			buildActionMask = 2147483647;
			files = (
			);
			inputPaths = (
			);
			name = "[CP] Copy Pods Resources";
			outputPaths = (
			);
			runOnlyForDeploymentPostprocessing = 0;
			shellPath = /bin/sh;
			shellScript = "\"${SRCROOT}/Pods/Target Support Files/Pods-CalTransitUITests/Pods-CalTransitUITests-resources.sh\"\n";
			showEnvVarsInLog = 0;
		};
		38DB1B96BCA9CD31DFF7E0E5 /* [CP] Embed Pods Frameworks */ = {
			isa = PBXShellScriptBuildPhase;
			buildActionMask = 2147483647;
			files = (
			);
			inputPaths = (
			);
			name = "[CP] Embed Pods Frameworks";
			outputPaths = (
			);
			runOnlyForDeploymentPostprocessing = 0;
			shellPath = /bin/sh;
			shellScript = "\"${SRCROOT}/Pods/Target Support Files/Pods-CalTransitTests/Pods-CalTransitTests-frameworks.sh\"\n";
			showEnvVarsInLog = 0;
		};
		53C31F273FB09A166A04E0FD /* [CP] Copy Pods Resources */ = {
			isa = PBXShellScriptBuildPhase;
			buildActionMask = 2147483647;
			files = (
			);
			inputPaths = (
			);
			name = "[CP] Copy Pods Resources";
			outputPaths = (
			);
			runOnlyForDeploymentPostprocessing = 0;
			shellPath = /bin/sh;
			shellScript = "\"${SRCROOT}/Pods/Target Support Files/Pods-CalTransit/Pods-CalTransit-resources.sh\"\n";
			showEnvVarsInLog = 0;
		};
		999028D38EB5CF102E0A35E5 /* [CP] Embed Pods Frameworks */ = {
			isa = PBXShellScriptBuildPhase;
			buildActionMask = 2147483647;
			files = (
			);
			inputPaths = (
			);
			name = "[CP] Embed Pods Frameworks";
			outputPaths = (
			);
			runOnlyForDeploymentPostprocessing = 0;
			shellPath = /bin/sh;
			shellScript = "\"${SRCROOT}/Pods/Target Support Files/Pods-CalTransitUITests/Pods-CalTransitUITests-frameworks.sh\"\n";
			showEnvVarsInLog = 0;
		};
		9A22EB8E0F3A515ADB100541 /* [CP] Embed Pods Frameworks */ = {
			isa = PBXShellScriptBuildPhase;
			buildActionMask = 2147483647;
			files = (
			);
			inputPaths = (
			);
			name = "[CP] Embed Pods Frameworks";
			outputPaths = (
			);
			runOnlyForDeploymentPostprocessing = 0;
			shellPath = /bin/sh;
			shellScript = "\"${SRCROOT}/Pods/Target Support Files/Pods-CalTransit/Pods-CalTransit-frameworks.sh\"\n";
			showEnvVarsInLog = 0;
		};
		C625EB7D73C5CE68F8B62024 /* [CP] Copy Pods Resources */ = {
			isa = PBXShellScriptBuildPhase;
			buildActionMask = 2147483647;
			files = (
			);
			inputPaths = (
			);
			name = "[CP] Copy Pods Resources";
			outputPaths = (
			);
			runOnlyForDeploymentPostprocessing = 0;
			shellPath = /bin/sh;
			shellScript = "\"${SRCROOT}/Pods/Target Support Files/Pods-CalTransitTests/Pods-CalTransitTests-resources.sh\"\n";
			showEnvVarsInLog = 0;
		};
		CC2CBB74B95BD7542E75332F /* [CP] Check Pods Manifest.lock */ = {
			isa = PBXShellScriptBuildPhase;
			buildActionMask = 2147483647;
			files = (
			);
			inputPaths = (
			);
			name = "[CP] Check Pods Manifest.lock";
			outputPaths = (
			);
			runOnlyForDeploymentPostprocessing = 0;
			shellPath = /bin/sh;
			shellScript = "diff \"${PODS_ROOT}/../Podfile.lock\" \"${PODS_ROOT}/Manifest.lock\" > /dev/null\nif [ $? != 0 ] ; then\n    # print error to STDERR\n    echo \"error: The sandbox is not in sync with the Podfile.lock. Run 'pod install' or update your CocoaPods installation.\" >&2\n    exit 1\nfi\n";
			showEnvVarsInLog = 0;
		};
		D7CB3599FB8A046E2B03BDC4 /* [CP] Check Pods Manifest.lock */ = {
			isa = PBXShellScriptBuildPhase;
			buildActionMask = 2147483647;
			files = (
			);
			inputPaths = (
			);
			name = "[CP] Check Pods Manifest.lock";
			outputPaths = (
			);
			runOnlyForDeploymentPostprocessing = 0;
			shellPath = /bin/sh;
			shellScript = "diff \"${PODS_ROOT}/../Podfile.lock\" \"${PODS_ROOT}/Manifest.lock\" > /dev/null\nif [ $? != 0 ] ; then\n    # print error to STDERR\n    echo \"error: The sandbox is not in sync with the Podfile.lock. Run 'pod install' or update your CocoaPods installation.\" >&2\n    exit 1\nfi\n";
			showEnvVarsInLog = 0;
		};
		F06233627DF0C57C5963C1A2 /* [CP] Check Pods Manifest.lock */ = {
			isa = PBXShellScriptBuildPhase;
			buildActionMask = 2147483647;
			files = (
			);
			inputPaths = (
			);
			name = "[CP] Check Pods Manifest.lock";
			outputPaths = (
			);
			runOnlyForDeploymentPostprocessing = 0;
			shellPath = /bin/sh;
			shellScript = "diff \"${PODS_ROOT}/../Podfile.lock\" \"${PODS_ROOT}/Manifest.lock\" > /dev/null\nif [ $? != 0 ] ; then\n    # print error to STDERR\n    echo \"error: The sandbox is not in sync with the Podfile.lock. Run 'pod install' or update your CocoaPods installation.\" >&2\n    exit 1\nfi\n";
			showEnvVarsInLog = 0;
		};
/* End PBXShellScriptBuildPhase section */

/* Begin PBXSourcesBuildPhase section */
		6CC2C5491F8C6B9F0067CFB3 /* Sources */ = {
			isa = PBXSourcesBuildPhase;
			buildActionMask = 2147483647;
			files = (
				6CC1DCAE1F8C7D0D003C21E2 /* TrainTableViewCell.swift in Sources */,
				6CC2C5551F8C6B9F0067CFB3 /* ACTransitViewController.swift in Sources */,
				6CC2C5511F8C6B9F0067CFB3 /* AppDelegate.swift in Sources */,
				6CDA4AE31F8D80F1000EBDEC /* OtherStationsViewController.swift in Sources */,
				6CC2C5531F8C6B9F0067CFB3 /* BARTViewController.swift in Sources */,
				6CDA4AE51F8D8143000EBDEC /* Constants.swift in Sources */,
			);
			runOnlyForDeploymentPostprocessing = 0;
		};
		6CC2C55F1F8C6BA00067CFB3 /* Sources */ = {
			isa = PBXSourcesBuildPhase;
			buildActionMask = 2147483647;
			files = (
				6CC2C5681F8C6BA00067CFB3 /* CalTransitTests.swift in Sources */,
			);
			runOnlyForDeploymentPostprocessing = 0;
		};
		6CC2C56A1F8C6BA00067CFB3 /* Sources */ = {
			isa = PBXSourcesBuildPhase;
			buildActionMask = 2147483647;
			files = (
				6CC2C5731F8C6BA00067CFB3 /* CalTransitUITests.swift in Sources */,
			);
			runOnlyForDeploymentPostprocessing = 0;
		};
/* End PBXSourcesBuildPhase section */

/* Begin PBXTargetDependency section */
		6CC2C5651F8C6BA00067CFB3 /* PBXTargetDependency */ = {
			isa = PBXTargetDependency;
			target = 6CC2C54C1F8C6B9F0067CFB3 /* CalTransit */;
			targetProxy = 6CC2C5641F8C6BA00067CFB3 /* PBXContainerItemProxy */;
		};
		6CC2C5701F8C6BA00067CFB3 /* PBXTargetDependency */ = {
			isa = PBXTargetDependency;
			target = 6CC2C54C1F8C6B9F0067CFB3 /* CalTransit */;
			targetProxy = 6CC2C56F1F8C6BA00067CFB3 /* PBXContainerItemProxy */;
		};
/* End PBXTargetDependency section */

/* Begin PBXVariantGroup section */
		6CC2C5561F8C6B9F0067CFB3 /* Main.storyboard */ = {
			isa = PBXVariantGroup;
			children = (
				6CC2C5571F8C6B9F0067CFB3 /* Base */,
			);
			name = Main.storyboard;
			sourceTree = "<group>";
		};
		6CC2C55B1F8C6B9F0067CFB3 /* LaunchScreen.storyboard */ = {
			isa = PBXVariantGroup;
			children = (
				6CC2C55C1F8C6B9F0067CFB3 /* Base */,
			);
			name = LaunchScreen.storyboard;
			sourceTree = "<group>";
		};
/* End PBXVariantGroup section */

/* Begin XCBuildConfiguration section */
		6CC2C5751F8C6BA00067CFB3 /* Debug */ = {
			isa = XCBuildConfiguration;
			buildSettings = {
				ALWAYS_SEARCH_USER_PATHS = NO;
				CLANG_ANALYZER_NONNULL = YES;
				CLANG_ANALYZER_NUMBER_OBJECT_CONVERSION = YES_AGGRESSIVE;
				CLANG_CXX_LANGUAGE_STANDARD = "gnu++14";
				CLANG_CXX_LIBRARY = "libc++";
				CLANG_ENABLE_MODULES = YES;
				CLANG_ENABLE_OBJC_ARC = YES;
				CLANG_WARN_BLOCK_CAPTURE_AUTORELEASING = YES;
				CLANG_WARN_BOOL_CONVERSION = YES;
				CLANG_WARN_COMMA = YES;
				CLANG_WARN_CONSTANT_CONVERSION = YES;
				CLANG_WARN_DIRECT_OBJC_ISA_USAGE = YES_ERROR;
				CLANG_WARN_DOCUMENTATION_COMMENTS = YES;
				CLANG_WARN_EMPTY_BODY = YES;
				CLANG_WARN_ENUM_CONVERSION = YES;
				CLANG_WARN_INFINITE_RECURSION = YES;
				CLANG_WARN_INT_CONVERSION = YES;
				CLANG_WARN_NON_LITERAL_NULL_CONVERSION = YES;
				CLANG_WARN_OBJC_LITERAL_CONVERSION = YES;
				CLANG_WARN_OBJC_ROOT_CLASS = YES_ERROR;
				CLANG_WARN_RANGE_LOOP_ANALYSIS = YES;
				CLANG_WARN_STRICT_PROTOTYPES = YES;
				CLANG_WARN_SUSPICIOUS_MOVE = YES;
				CLANG_WARN_UNGUARDED_AVAILABILITY = YES_AGGRESSIVE;
				CLANG_WARN_UNREACHABLE_CODE = YES;
				CLANG_WARN__DUPLICATE_METHOD_MATCH = YES;
				CODE_SIGN_IDENTITY = "iPhone Developer";
				COPY_PHASE_STRIP = NO;
				DEBUG_INFORMATION_FORMAT = dwarf;
				ENABLE_STRICT_OBJC_MSGSEND = YES;
				ENABLE_TESTABILITY = YES;
				GCC_C_LANGUAGE_STANDARD = gnu11;
				GCC_DYNAMIC_NO_PIC = NO;
				GCC_NO_COMMON_BLOCKS = YES;
				GCC_OPTIMIZATION_LEVEL = 0;
				GCC_PREPROCESSOR_DEFINITIONS = (
					"DEBUG=1",
					"$(inherited)",
				);
				GCC_WARN_64_TO_32_BIT_CONVERSION = YES;
				GCC_WARN_ABOUT_RETURN_TYPE = YES_ERROR;
				GCC_WARN_UNDECLARED_SELECTOR = YES;
				GCC_WARN_UNINITIALIZED_AUTOS = YES_AGGRESSIVE;
				GCC_WARN_UNUSED_FUNCTION = YES;
				GCC_WARN_UNUSED_VARIABLE = YES;
				IPHONEOS_DEPLOYMENT_TARGET = 11.0;
				MTL_ENABLE_DEBUG_INFO = YES;
				ONLY_ACTIVE_ARCH = YES;
				SDKROOT = iphoneos;
				SWIFT_ACTIVE_COMPILATION_CONDITIONS = DEBUG;
				SWIFT_OPTIMIZATION_LEVEL = "-Onone";
			};
			name = Debug;
		};
		6CC2C5761F8C6BA00067CFB3 /* Release */ = {
			isa = XCBuildConfiguration;
			buildSettings = {
				ALWAYS_SEARCH_USER_PATHS = NO;
				CLANG_ANALYZER_NONNULL = YES;
				CLANG_ANALYZER_NUMBER_OBJECT_CONVERSION = YES_AGGRESSIVE;
				CLANG_CXX_LANGUAGE_STANDARD = "gnu++14";
				CLANG_CXX_LIBRARY = "libc++";
				CLANG_ENABLE_MODULES = YES;
				CLANG_ENABLE_OBJC_ARC = YES;
				CLANG_WARN_BLOCK_CAPTURE_AUTORELEASING = YES;
				CLANG_WARN_BOOL_CONVERSION = YES;
				CLANG_WARN_COMMA = YES;
				CLANG_WARN_CONSTANT_CONVERSION = YES;
				CLANG_WARN_DIRECT_OBJC_ISA_USAGE = YES_ERROR;
				CLANG_WARN_DOCUMENTATION_COMMENTS = YES;
				CLANG_WARN_EMPTY_BODY = YES;
				CLANG_WARN_ENUM_CONVERSION = YES;
				CLANG_WARN_INFINITE_RECURSION = YES;
				CLANG_WARN_INT_CONVERSION = YES;
				CLANG_WARN_NON_LITERAL_NULL_CONVERSION = YES;
				CLANG_WARN_OBJC_LITERAL_CONVERSION = YES;
				CLANG_WARN_OBJC_ROOT_CLASS = YES_ERROR;
				CLANG_WARN_RANGE_LOOP_ANALYSIS = YES;
				CLANG_WARN_STRICT_PROTOTYPES = YES;
				CLANG_WARN_SUSPICIOUS_MOVE = YES;
				CLANG_WARN_UNGUARDED_AVAILABILITY = YES_AGGRESSIVE;
				CLANG_WARN_UNREACHABLE_CODE = YES;
				CLANG_WARN__DUPLICATE_METHOD_MATCH = YES;
				CODE_SIGN_IDENTITY = "iPhone Developer";
				COPY_PHASE_STRIP = NO;
				DEBUG_INFORMATION_FORMAT = "dwarf-with-dsym";
				ENABLE_NS_ASSERTIONS = NO;
				ENABLE_STRICT_OBJC_MSGSEND = YES;
				GCC_C_LANGUAGE_STANDARD = gnu11;
				GCC_NO_COMMON_BLOCKS = YES;
				GCC_WARN_64_TO_32_BIT_CONVERSION = YES;
				GCC_WARN_ABOUT_RETURN_TYPE = YES_ERROR;
				GCC_WARN_UNDECLARED_SELECTOR = YES;
				GCC_WARN_UNINITIALIZED_AUTOS = YES_AGGRESSIVE;
				GCC_WARN_UNUSED_FUNCTION = YES;
				GCC_WARN_UNUSED_VARIABLE = YES;
				IPHONEOS_DEPLOYMENT_TARGET = 11.0;
				MTL_ENABLE_DEBUG_INFO = NO;
				SDKROOT = iphoneos;
				SWIFT_OPTIMIZATION_LEVEL = "-Owholemodule";
				VALIDATE_PRODUCT = YES;
			};
			name = Release;
		};
		6CC2C5781F8C6BA00067CFB3 /* Debug */ = {
			isa = XCBuildConfiguration;
			baseConfigurationReference = 59D99616B51F748302507E35 /* Pods-CalTransit.debug.xcconfig */;
			buildSettings = {
				ASSETCATALOG_COMPILER_APPICON_NAME = AppIcon;
				CODE_SIGN_STYLE = Automatic;
				DEVELOPMENT_TEAM = 7E67TG786L;
				INFOPLIST_FILE = CalTransit/Info.plist;
				IPHONEOS_DEPLOYMENT_TARGET = 10.0;
				LD_RUNPATH_SEARCH_PATHS = "$(inherited) @executable_path/Frameworks";
				PRODUCT_BUNDLE_IDENTIFIER = woakley.CalTransit;
				PRODUCT_NAME = "$(TARGET_NAME)";
				SWIFT_VERSION = 4.0;
				TARGETED_DEVICE_FAMILY = "1,2";
			};
			name = Debug;
		};
		6CC2C5791F8C6BA00067CFB3 /* Release */ = {
			isa = XCBuildConfiguration;
			baseConfigurationReference = EA35A02E79DA52697F108A24 /* Pods-CalTransit.release.xcconfig */;
			buildSettings = {
				ASSETCATALOG_COMPILER_APPICON_NAME = AppIcon;
				CODE_SIGN_STYLE = Automatic;
				DEVELOPMENT_TEAM = 7E67TG786L;
				INFOPLIST_FILE = CalTransit/Info.plist;
				IPHONEOS_DEPLOYMENT_TARGET = 10.0;
				LD_RUNPATH_SEARCH_PATHS = "$(inherited) @executable_path/Frameworks";
				PRODUCT_BUNDLE_IDENTIFIER = woakley.CalTransit;
				PRODUCT_NAME = "$(TARGET_NAME)";
				SWIFT_VERSION = 4.0;
				TARGETED_DEVICE_FAMILY = "1,2";
			};
			name = Release;
		};
		6CC2C57B1F8C6BA00067CFB3 /* Debug */ = {
			isa = XCBuildConfiguration;
			baseConfigurationReference = A5DE1D7931E51598A3D3D818 /* Pods-CalTransitTests.debug.xcconfig */;
			buildSettings = {
				ALWAYS_EMBED_SWIFT_STANDARD_LIBRARIES = YES;
				BUNDLE_LOADER = "$(TEST_HOST)";
				CODE_SIGN_STYLE = Automatic;
				DEVELOPMENT_TEAM = 7E67TG786L;
				INFOPLIST_FILE = CalTransitTests/Info.plist;
				LD_RUNPATH_SEARCH_PATHS = "$(inherited) @executable_path/Frameworks @loader_path/Frameworks";
				PRODUCT_BUNDLE_IDENTIFIER = woakley.CalTransitTests;
				PRODUCT_NAME = "$(TARGET_NAME)";
				SWIFT_VERSION = 4.0;
				TARGETED_DEVICE_FAMILY = "1,2";
				TEST_HOST = "$(BUILT_PRODUCTS_DIR)/CalTransit.app/CalTransit";
			};
			name = Debug;
		};
		6CC2C57C1F8C6BA00067CFB3 /* Release */ = {
			isa = XCBuildConfiguration;
			baseConfigurationReference = 11D8B88B01CB131B20B78AAC /* Pods-CalTransitTests.release.xcconfig */;
			buildSettings = {
				ALWAYS_EMBED_SWIFT_STANDARD_LIBRARIES = YES;
				BUNDLE_LOADER = "$(TEST_HOST)";
				CODE_SIGN_STYLE = Automatic;
				DEVELOPMENT_TEAM = 7E67TG786L;
				INFOPLIST_FILE = CalTransitTests/Info.plist;
				LD_RUNPATH_SEARCH_PATHS = "$(inherited) @executable_path/Frameworks @loader_path/Frameworks";
				PRODUCT_BUNDLE_IDENTIFIER = woakley.CalTransitTests;
				PRODUCT_NAME = "$(TARGET_NAME)";
				SWIFT_VERSION = 4.0;
				TARGETED_DEVICE_FAMILY = "1,2";
				TEST_HOST = "$(BUILT_PRODUCTS_DIR)/CalTransit.app/CalTransit";
			};
			name = Release;
		};
		6CC2C57E1F8C6BA00067CFB3 /* Debug */ = {
			isa = XCBuildConfiguration;
			baseConfigurationReference = 1E8089391A30C4416AC80A63 /* Pods-CalTransitUITests.debug.xcconfig */;
			buildSettings = {
				ALWAYS_EMBED_SWIFT_STANDARD_LIBRARIES = YES;
				CODE_SIGN_STYLE = Automatic;
				DEVELOPMENT_TEAM = 7E67TG786L;
				INFOPLIST_FILE = CalTransitUITests/Info.plist;
				LD_RUNPATH_SEARCH_PATHS = "$(inherited) @executable_path/Frameworks @loader_path/Frameworks";
				PRODUCT_BUNDLE_IDENTIFIER = woakley.CalTransitUITests;
				PRODUCT_NAME = "$(TARGET_NAME)";
				SWIFT_VERSION = 4.0;
				TARGETED_DEVICE_FAMILY = "1,2";
				TEST_TARGET_NAME = CalTransit;
			};
			name = Debug;
		};
		6CC2C57F1F8C6BA00067CFB3 /* Release */ = {
			isa = XCBuildConfiguration;
			baseConfigurationReference = 4FB6CDA59E95A22EEE453481 /* Pods-CalTransitUITests.release.xcconfig */;
			buildSettings = {
				ALWAYS_EMBED_SWIFT_STANDARD_LIBRARIES = YES;
				CODE_SIGN_STYLE = Automatic;
				DEVELOPMENT_TEAM = 7E67TG786L;
				INFOPLIST_FILE = CalTransitUITests/Info.plist;
				LD_RUNPATH_SEARCH_PATHS = "$(inherited) @executable_path/Frameworks @loader_path/Frameworks";
				PRODUCT_BUNDLE_IDENTIFIER = woakley.CalTransitUITests;
				PRODUCT_NAME = "$(TARGET_NAME)";
				SWIFT_VERSION = 4.0;
				TARGETED_DEVICE_FAMILY = "1,2";
				TEST_TARGET_NAME = CalTransit;
			};
			name = Release;
		};
/* End XCBuildConfiguration section */

/* Begin XCConfigurationList section */
		6CC2C5481F8C6B9F0067CFB3 /* Build configuration list for PBXProject "CalTransit" */ = {
			isa = XCConfigurationList;
			buildConfigurations = (
				6CC2C5751F8C6BA00067CFB3 /* Debug */,
				6CC2C5761F8C6BA00067CFB3 /* Release */,
			);
			defaultConfigurationIsVisible = 0;
			defaultConfigurationName = Release;
		};
		6CC2C5771F8C6BA00067CFB3 /* Build configuration list for PBXNativeTarget "CalTransit" */ = {
			isa = XCConfigurationList;
			buildConfigurations = (
				6CC2C5781F8C6BA00067CFB3 /* Debug */,
				6CC2C5791F8C6BA00067CFB3 /* Release */,
			);
			defaultConfigurationIsVisible = 0;
			defaultConfigurationName = Release;
		};
		6CC2C57A1F8C6BA00067CFB3 /* Build configuration list for PBXNativeTarget "CalTransitTests" */ = {
			isa = XCConfigurationList;
			buildConfigurations = (
				6CC2C57B1F8C6BA00067CFB3 /* Debug */,
				6CC2C57C1F8C6BA00067CFB3 /* Release */,
			);
			defaultConfigurationIsVisible = 0;
			defaultConfigurationName = Release;
		};
		6CC2C57D1F8C6BA00067CFB3 /* Build configuration list for PBXNativeTarget "CalTransitUITests" */ = {
			isa = XCConfigurationList;
			buildConfigurations = (
				6CC2C57E1F8C6BA00067CFB3 /* Debug */,
				6CC2C57F1F8C6BA00067CFB3 /* Release */,
			);
			defaultConfigurationIsVisible = 0;
			defaultConfigurationName = Release;
		};
/* End XCConfigurationList section */
	};
	rootObject = 6CC2C5451F8C6B9F0067CFB3 /* Project object */;
}
